
Microsoft Visual Studio Solution File, Format Version 12.00
# Visual Studio 15
VisualStudioVersion = 15.0.27703.2035
MinimumVisualStudioVersion = 10.0.40219.1
Project("{FAE04EC0-301F-11D3-BF4B-00C04F79EFBC}") = "WindowsSharp", "WindowsSharp\WindowsSharp.csproj", "{CAE33D54-9EE1-419E-B0F4-B35747CA27F5}"
EndProject
Global
	GlobalSection(SolutionConfigurationPlatforms) = preSolution
		Debug|Any CPU = Debug|Any CPU
		Release|Any CPU = Release|Any CPU
	EndGlobalSection
	GlobalSection(ProjectConfigurationPlatforms) = postSolution
		{CAE33D54-9EE1-419E-B0F4-B35747CA27F5}.Debug|Any CPU.ActiveCfg = Debug|Any CPU
		{CAE33D54-9EE1-419E-B0F4-B35747CA27F5}.Debug|Any CPU.Build.0 = Debug|Any CPU
		{CAE33D54-9EE1-419E-B0F4-B35747CA27F5}.Release|Any CPU.ActiveCfg = Release|Any CPU
		{CAE33D54-9EE1-419E-B0F4-B35747CA27F5}.Release|Any CPU.Build.0 = Release|Any CPU
	EndGlobalSection
	GlobalSection(SolutionProperties) = preSolution
		HideSolutionNode = FALSE
	EndGlobalSection
	GlobalSection(ExtensibilityGlobals) = postSolution
		SolutionGuid = {9B4162F1-6649-45B4-A106-CCD3A059575A}
	EndGlobalSection
EndGlobal
